lockfileVersion: '9.0'

settings:
  autoInstallPeers: true
  excludeLinksFromLockfile: false

importers:

  .:
    dependencies:
      '@peculiar/webcrypto':
        specifier: ^1.5.0
        version: 1.5.0
      '@peculiar/x509':
        specifier: ^2.0.0
        version: 2.0.0
      '@xmldom/xmldom':
        specifier: ^0.9.10
        version: 0.9.10
      asn1js:
        specifier: ^3.0.9
        version: 3.0.9
      pkijs:
        specifier: ^3.4.0
        version: 3.4.0
      pvutils:
        specifier: ^1.1.5
        version: 1.1.5
      xadesjs:
        specifier: ^2.6.7
        version: 2.6.7(@xmldom/xmldom@0.9.10)(xpath@0.0.34)
      xmldsigjs:
        specifier: ^2.8.7
        version: 2.8.7(@xmldom/xmldom@0.9.10)
      xpath:
        specifier: ^0.0.34
        version: 0.0.34
    devDependencies:
      '@types/node':
        specifier: ^22.9.0
        version: 22.19.17
      '@typescript/native-preview':
        specifier: latest
        version: 7.0.0-dev.20260420.1
      oxlint:
        specifier: ^0.13.0
        version: 0.13.2
      tsx:
        specifier: ^4.19.2
        version: 4.21.0

packages:

  '@esbuild/aix-ppc64@0.27.7':
    resolution: {integrity: sha512-EKX3Qwmhz1eMdEJokhALr0YiD0lhQNwDqkPYyPhiSwKrh7/4KRjQc04sZ8db+5DVVnZ1LmbNDI1uAMPEUBnQPg==}
    engines: {node: '>=18'}
    cpu: [ppc64]
    os: [aix]

  '@esbuild/android-arm64@0.27.7':
    resolution: {integrity: sha512-62dPZHpIXzvChfvfLJow3q5dDtiNMkwiRzPylSCfriLvZeq0a1bWChrGx/BbUbPwOrsWKMn8idSllklzBy+dgQ==}
    engines: {node: '>=18'}
    cpu: [arm64]
    os: [android]

  '@esbuild/android-arm@0.27.7':
    resolution: {integrity: sha512-jbPXvB4Yj2yBV7HUfE2KHe4GJX51QplCN1pGbYjvsyCZbQmies29EoJbkEc+vYuU5o45AfQn37vZlyXy4YJ8RQ==}
    engines: {node: '>=18'}
    cpu: [arm]
    os: [android]

  '@esbuild/android-x64@0.27.7':
    resolution: {integrity: sha512-x5VpMODneVDb70PYV2VQOmIUUiBtY3D3mPBG8NxVk5CogneYhkR7MmM3yR/uMdITLrC1ml/NV1rj4bMJuy9MCg==}
    engines: {node: '>=18'}
    cpu: [x64]
    os: [android]

  '@esbuild/darwin-arm64@0.27.7':
    resolution: {integrity: sha512-5lckdqeuBPlKUwvoCXIgI2D9/ABmPq3Rdp7IfL70393YgaASt7tbju3Ac+ePVi3KDH6N2RqePfHnXkaDtY9fkw==}
    engines: {node: '>=18'}
    cpu: [arm64]
    os: [darwin]

  '@esbuild/darwin-x64@0.27.7':
    resolution: {integrity: sha512-rYnXrKcXuT7Z+WL5K980jVFdvVKhCHhUwid+dDYQpH+qu+TefcomiMAJpIiC2EM3Rjtq0sO3StMV/+3w3MyyqQ==}
    engines: {node: '>=18'}
    cpu: [x64]
    os: [darwin]

  '@esbuild/freebsd-arm64@0.27.7':
    resolution: {integrity: sha512-B48PqeCsEgOtzME2GbNM2roU29AMTuOIN91dsMO30t+Ydis3z/3Ngoj5hhnsOSSwNzS+6JppqWsuhTp6E82l2w==}
    engines: {node: '>=18'}
    cpu: [arm64]
    os: [freebsd]

  '@esbuild/freebsd-x64@0.27.7':
    resolution: {integrity: sha512-jOBDK5XEjA4m5IJK3bpAQF9/Lelu/Z9ZcdhTRLf4cajlB+8VEhFFRjWgfy3M1O4rO2GQ/b2dLwCUGpiF/eATNQ==}
    engines: {node: '>=18'}
    cpu: [x64]
    os: [freebsd]

  '@esbuild/linux-arm64@0.27.7':
    resolution: {integrity: sha512-RZPHBoxXuNnPQO9rvjh5jdkRmVizktkT7TCDkDmQ0W2SwHInKCAV95GRuvdSvA7w4VMwfCjUiPwDi0ZO6Nfe9A==}
    engines: {node: '>=18'}
    cpu: [arm64]
    os: [linux]

  '@esbuild/linux-arm@0.27.7':
    resolution: {integrity: sha512-RkT/YXYBTSULo3+af8Ib0ykH8u2MBh57o7q/DAs3lTJlyVQkgQvlrPTnjIzzRPQyavxtPtfg0EopvDyIt0j1rA==}
    engines: {node: '>=18'}
    cpu: [arm]
    os: [linux]

  '@esbuild/linux-ia32@0.27.7':
    resolution: {integrity: sha512-GA48aKNkyQDbd3KtkplYWT102C5sn/EZTY4XROkxONgruHPU72l+gW+FfF8tf2cFjeHaRbWpOYa/uRBz/Xq1Pg==}
    engines: {node: '>=18'}
    cpu: [ia32]
    os: [linux]

  '@esbuild/linux-loong64@0.27.7':
    resolution: {integrity: sha512-a4POruNM2oWsD4WKvBSEKGIiWQF8fZOAsycHOt6JBpZ+JN2n2JH9WAv56SOyu9X5IqAjqSIPTaJkqN8F7XOQ5Q==}
    engines: {node: '>=18'}
    cpu: [loong64]
    os: [linux]

  '@esbuild/linux-mips64el@0.27.7':
    resolution: {integrity: sha512-KabT5I6StirGfIz0FMgl1I+R1H73Gp0ofL9A3nG3i/cYFJzKHhouBV5VWK1CSgKvVaG4q1RNpCTR2LuTVB3fIw==}
    engines: {node: '>=18'}
    cpu: [mips64el]
    os: [linux]

  '@esbuild/linux-ppc64@0.27.7':
    resolution: {integrity: sha512-gRsL4x6wsGHGRqhtI+ifpN/vpOFTQtnbsupUF5R5YTAg+y/lKelYR1hXbnBdzDjGbMYjVJLJTd2OFmMewAgwlQ==}
    engines: {node: '>=18'}
    cpu: [ppc64]
    os: [linux]

  '@esbuild/linux-riscv64@0.27.7':
    resolution: {integrity: sha512-hL25LbxO1QOngGzu2U5xeXtxXcW+/GvMN3ejANqXkxZ/opySAZMrc+9LY/WyjAan41unrR3YrmtTsUpwT66InQ==}
    engines: {node: '>=18'}
    cpu: [riscv64]
    os: [linux]

  '@esbuild/linux-s390x@0.27.7':
    resolution: {integrity: sha512-2k8go8Ycu1Kb46vEelhu1vqEP+UeRVj2zY1pSuPdgvbd5ykAw82Lrro28vXUrRmzEsUV0NzCf54yARIK8r0fdw==}
    engines: {node: '>=18'}
    cpu: [s390x]
    os: [linux]

  '@esbuild/linux-x64@0.27.7':
    resolution: {integrity: sha512-hzznmADPt+OmsYzw1EE33ccA+HPdIqiCRq7cQeL1Jlq2gb1+OyWBkMCrYGBJ+sxVzve2ZJEVeePbLM2iEIZSxA==}
    engines: {node: '>=18'}
    cpu: [x64]
    os: [linux]

  '@esbuild/netbsd-arm64@0.27.7':
    resolution: {integrity: sha512-b6pqtrQdigZBwZxAn1UpazEisvwaIDvdbMbmrly7cDTMFnw/+3lVxxCTGOrkPVnsYIosJJXAsILG9XcQS+Yu6w==}
    engines: {node: '>=18'}
    cpu: [arm64]
    os: [netbsd]

  '@esbuild/netbsd-x64@0.27.7':
    resolution: {integrity: sha512-OfatkLojr6U+WN5EDYuoQhtM+1xco+/6FSzJJnuWiUw5eVcicbyK3dq5EeV/QHT1uy6GoDhGbFpprUiHUYggrw==}
    engines: {node: '>=18'}
    cpu: [x64]
    os: [netbsd]

  '@esbuild/openbsd-arm64@0.27.7':
    resolution: {integrity: sha512-AFuojMQTxAz75Fo8idVcqoQWEHIXFRbOc1TrVcFSgCZtQfSdc1RXgB3tjOn/krRHENUB4j00bfGjyl2mJrU37A==}
    engines: {node: '>=18'}
    cpu: [arm64]
    os: [openbsd]

  '@esbuild/openbsd-x64@0.27.7':
    resolution: {integrity: sha512-+A1NJmfM8WNDv5CLVQYJ5PshuRm/4cI6WMZRg1by1GwPIQPCTs1GLEUHwiiQGT5zDdyLiRM/l1G0Pv54gvtKIg==}
    engines: {node: '>=18'}
    cpu: [x64]
    os: [openbsd]

  '@esbuild/openharmony-arm64@0.27.7':
    resolution: {integrity: sha512-+KrvYb/C8zA9CU/g0sR6w2RBw7IGc5J2BPnc3dYc5VJxHCSF1yNMxTV5LQ7GuKteQXZtspjFbiuW5/dOj7H4Yw==}
    engines: {node: '>=18'}
    cpu: [arm64]
    os: [openharmony]

  '@esbuild/sunos-x64@0.27.7':
    resolution: {integrity: sha512-ikktIhFBzQNt/QDyOL580ti9+5mL/YZeUPKU2ivGtGjdTYoqz6jObj6nOMfhASpS4GU4Q/Clh1QtxWAvcYKamA==}
    engines: {node: '>=18'}
    cpu: [x64]
    os: [sunos]

  '@esbuild/win32-arm64@0.27.7':
    resolution: {integrity: sha512-7yRhbHvPqSpRUV7Q20VuDwbjW5kIMwTHpptuUzV+AA46kiPze5Z7qgt6CLCK3pWFrHeNfDd1VKgyP4O+ng17CA==}
    engines: {node: '>=18'}
    cpu: [arm64]
    os: [win32]

  '@esbuild/win32-ia32@0.27.7':
    resolution: {integrity: sha512-SmwKXe6VHIyZYbBLJrhOoCJRB/Z1tckzmgTLfFYOfpMAx63BJEaL9ExI8x7v0oAO3Zh6D/Oi1gVxEYr5oUCFhw==}
    engines: {node: '>=18'}
    cpu: [ia32]
    os: [win32]

  '@esbuild/win32-x64@0.27.7':
    resolution: {integrity: sha512-56hiAJPhwQ1R4i+21FVF7V8kSD5zZTdHcVuRFMW0hn753vVfQN8xlx4uOPT4xoGH0Z/oVATuR82AiqSTDIpaHg==}
    engines: {node: '>=18'}
    cpu: [x64]
    os: [win32]

  '@noble/hashes@1.4.0':
    resolution: {integrity: sha512-V1JJ1WTRUqHHrOSh597hURcMqVKVGL/ea3kv0gSnEdsEZ0/+VyPghM1lMNGc00z7CIQorSvbKpuJkxvuHbvdbg==}
    engines: {node: '>= 16'}

  '@oxlint/darwin-arm64@0.13.2':
    resolution: {integrity: sha512-Jbi2UX1xTFTpH/D6n15RzDSG/44oJ0FwrHWl96TsdD3PAOGxmm8LgcrsCU4d22TSN7ShDFB8y34MYplduRzhfA==}
    cpu: [arm64]
    os: [darwin]

  '@oxlint/darwin-x64@0.13.2':
    resolution: {integrity: sha512-ulA2vpNIM14VWJua6BjgX6l8nrjY8Un0uLqBLgELyDHMfpnC0HfrB2mR9PC9tRhb7+BEbgDLWTRs2aTV64eprw==}
    cpu: [x64]
    os: [darwin]

  '@oxlint/linux-arm64-gnu@0.13.2':
    resolution: {integrity: sha512-iwguvPnIx/yIMc2IrwLeRflEFwyn+gcsNR8le5aX5DvQfHiB3/3x5JxOVl7Nd93lLsOg8RyVr2E11CxV10rKWw==}
    cpu: [arm64]
    os: [linux]
    libc: [glibc]

  '@oxlint/linux-arm64-musl@0.13.2':
    resolution: {integrity: sha512-YJVvVyuvUobgCmiE47kBwN6dymLcQBG5/NsEaCbVyYw5HQJN7Ywp/x4suaF4c6M9ItPCnLxEZ4Lwu5TkrkU3vQ==}
    cpu: [arm64]
    os: [linux]
    libc: [musl]

  '@oxlint/linux-x64-gnu@0.13.2':
    resolution: {integrity: sha512-w78gjd3ZJ+ahByS5gmN0jxFn/+G3W/oBJbyGFOuteXYcJwLj6JIyS0VhpMKxuAdFNCnsjJeDHSbdWaCV6VkA3A==}
    cpu: [x64]
    os: [linux]
    libc: [glibc]

  '@oxlint/linux-x64-musl@0.13.2':
    resolution: {integrity: sha512-yedk6KQT3jtBzpzExo3Ib7NwfuugaaFKvk/EzXEojMQ5aYh6CNhmVmm+adzwBp4YyOeXQZxSPHQ1LcNwDCUJIA==}
    cpu: [x64]
    os: [linux]
    libc: [musl]

  '@oxlint/win32-arm64@0.13.2':
    resolution: {integrity: sha512-KZvJ3uMWSCwkZtvOcO+K4mLmYU/jIcHUb00s8aPasG1taflbjINsq9ZUUj5LNigcDwJRZGUwNcvY5KuQ+E9WtQ==}
    cpu: [arm64]
    os: [win32]

  '@oxlint/win32-x64@0.13.2':
    resolution: {integrity: sha512-G8FM8RTJRMt2dPRJ/TXhqIEu9k00vRAoh3DSV2r3o+jD8FZDBZXOgoDn2D0F9HqgFLEOVTxpfalmWntyk2hmyw==}
    cpu: [x64]
    os: [win32]

  '@peculiar/asn1-cms@2.6.1':
    resolution: {integrity: sha512-vdG4fBF6Lkirkcl53q6eOdn3XYKt+kJTG59edgRZORlg/3atWWEReRCx5rYE1ZzTTX6vLK5zDMjHh7vbrcXGtw==}

  '@peculiar/asn1-csr@2.6.1':
    resolution: {integrity: sha512-WRWnKfIocHyzFYQTka8O/tXCiBquAPSrRjXbOkHbO4qdmS6loffCEGs+rby6WxxGdJCuunnhS2duHURhjyio6w==}

  '@peculiar/asn1-ecc@2.6.1':
    resolution: {integrity: sha512-+Vqw8WFxrtDIN5ehUdvlN2m73exS2JVG0UAyfVB31gIfor3zWEAQPD+K9ydCxaj3MLen9k0JhKpu9LqviuCE1g==}

  '@peculiar/asn1-pfx@2.6.1':
    resolution: {integrity: sha512-nB5jVQy3MAAWvq0KY0R2JUZG8bO/bTLpnwyOzXyEh/e54ynGTatAR+csOnXkkVD9AFZ2uL8Z7EV918+qB1qDvw==}

  '@peculiar/asn1-pkcs8@2.6.1':
    resolution: {integrity: sha512-JB5iQ9Izn5yGMw3ZG4Nw3Xn/hb/G38GYF3lf7WmJb8JZUydhVGEjK/ZlFSWhnlB7K/4oqEs8HnfFIKklhR58Tw==}

  '@peculiar/asn1-pkcs9@2.6.1':
    resolution: {integrity: sha512-5EV8nZoMSxeWmcxWmmcolg22ojZRgJg+Y9MX2fnE2bGRo5KQLqV5IL9kdSQDZxlHz95tHvIq9F//bvL1OeNILw==}

  '@peculiar/asn1-rsa@2.6.1':
    resolution: {integrity: sha512-1nVMEh46SElUt5CB3RUTV4EG/z7iYc7EoaDY5ECwganibQPkZ/Y2eMsTKB/LeyrUJ+W/tKoD9WUqIy8vB+CEdA==}

  '@peculiar/asn1-schema@2.6.0':
    resolution: {integrity: sha512-xNLYLBFTBKkCzEZIw842BxytQQATQv+lDTCEMZ8C196iJcJJMBUZxrhSTxLaohMyKK8QlzRNTRkUmanucnDSqg==}

  '@peculiar/asn1-x509-attr@2.6.1':
    resolution: {integrity: sha512-tlW6cxoHwgcQghnJwv3YS+9OO1737zgPogZ+CgWRUK4roEwIPzRH4JEiG770xe5HX2ATfCpmX60gurfWIF9dcQ==}

  '@peculiar/asn1-x509@2.6.1':
    resolution: {integrity: sha512-O9jT5F1A2+t3r7C4VT7LYGXqkGLK7Kj1xFpz7U0isPrubwU5PbDoyYtx6MiGst29yq7pXN5vZbQFKRCP+lLZlA==}

  '@peculiar/json-schema@1.1.12':
    resolution: {integrity: sha512-coUfuoMeIB7B8/NMekxaDzLhaYmp0HZNPEjYRm9goRou8UZIC3z21s0sL9AWoCw4EG876QyO3kYrc61WNF9B/w==}
    engines: {node: '>=8.0.0'}

  '@peculiar/webcrypto@1.5.0':
    resolution: {integrity: sha512-BRs5XUAwiyCDQMsVA9IDvDa7UBR9gAvPHgugOeGng3YN6vJ9JYonyDc0lNczErgtCWtucjR5N7VtaonboD/ezg==}
    engines: {node: '>=10.12.0'}

  '@peculiar/x509@2.0.0':
    resolution: {integrity: sha512-r10lkuy6BNfRmyYdRAfgu6dq0HOmyIV2OLhXWE3gDEPBdX1b8miztJVyX/UxWhLwemNyDP3CLZHpDxDwSY0xaA==}
    engines: {node: '>=20.0.0'}

  '@types/node@22.19.17':
    resolution: {integrity: sha512-wGdMcf+vPYM6jikpS/qhg6WiqSV/OhG+jeeHT/KlVqxYfD40iYJf9/AE1uQxVWFvU7MipKRkRv8NSHiCGgPr8Q==}

  '@typescript/native-preview-darwin-arm64@7.0.0-dev.20260420.1':
    resolution: {integrity: sha512-WMVphWuSmPuDzdutP2OM7ZhvlgdrBQ6ufQia+cJz6jqLd2MjPaYlS+/ACEcTgf6+PsTXygUOUvcqv9j5s7QC8w==}
    cpu: [arm64]
    os: [darwin]

  '@typescript/native-preview-darwin-x64@7.0.0-dev.20260420.1':
    resolution: {integrity: sha512-ChRf5ZpdM5CmplmtfCHGFd/UjYDkld9Z27h5HeC41NGxkbe7NeNQYjwPcbZynca2swISZvFr8Wwlo4nNZG/51A==}
    cpu: [x64]
    os: [darwin]

  '@typescript/native-preview-linux-arm64@7.0.0-dev.20260420.1':
    resolution: {integrity: sha512-AmRuZ5R1TTrBNMInIACxd3AGvXS8X0PCAheftIMSa/1YOsNbfvPCbzZTleSaIx0ETabPeKQArur0uTPwnKjJbg==}
    cpu: [arm64]
    os: [linux]

  '@typescript/native-preview-linux-arm@7.0.0-dev.20260420.1':
    resolution: {integrity: sha512-8+Ey5WZ1jiJXFuN8oQxu3N6pTi6UvigNXTWmB/e+2q6cu6ytFNgiVic6xXtcxOqBpqYMKwXzTZkECjs3NtT6og==}
    cpu: [arm]
    os: [linux]

  '@typescript/native-preview-linux-x64@7.0.0-dev.20260420.1':
    resolution: {integrity: sha512-zk6y0AX1+SjuYXZfIRTkpRttp+gfpnz6ELFDWLuhtTJtnxgm8BRSKPup2rcm4xkfpRrVv9dhPGSjJYGNR9z9tg==}
    cpu: [x64]
    os: [linux]

  '@typescript/native-preview-win32-arm64@7.0.0-dev.20260420.1':
    resolution: {integrity: sha512-TopcWdHwUGaocYuoj0qEZmZa1SLFm9hY0jKrzi5Xa9Xt/gvUnSLJYRBVblibM+/s8S9ZaV94Gc+CUn9EeSsJ9A==}
    cpu: [arm64]
    os: [win32]

  '@typescript/native-preview-win32-x64@7.0.0-dev.20260420.1':
    resolution: {integrity: sha512-9P6DDMOCncgXGbFfxRpZE0sWzjyymRON67T9J1u885NLp+AmIdns8e91nzD6ipB0EdZimyR4ZjdSZfqetAQSrQ==}
    cpu: [x64]
    os: [win32]

  '@typescript/native-preview@7.0.0-dev.20260420.1':
    resolution: {integrity: sha512-XYMYZ1OAvO1OWJMntCGW5yoJvJjdrsgmNJxXEPO3Za2kFmQ69TdHOAzg9adurMgAXNpaDWtf28bfEveMRnvpZA==}
    hasBin: true

  '@xmldom/xmldom@0.9.10':
    resolution: {integrity: sha512-A9gOqLdi6cV4ibazAjcQufGj0B1y/vDqYrcuP6d/6x8P27gRS8643Dj9o1dEKtB6O7fwxb2FgBmJS2mX7gpvdw==}
    engines: {node: '>=14.6'}

  asn1js@3.0.9:
    resolution: {integrity: sha512-g35Ef4IMkE3mDaMAYd3GOJ/c41LKcaiJuuLZ9BF0EXkZwYc0tkFpmZqxWsKlmXS3Um42dAkyx//kibIETBjfqg==}
    engines: {node: '>=12.0.0'}

  bytestreamjs@2.0.1:
    resolution: {integrity: sha512-U1Z/ob71V/bXfVABvNr/Kumf5VyeQRBEm6Txb0PQ6S7V5GpBM3w4Cbqz/xPDicR5tN0uvDifng8C+5qECeGwyQ==}
    engines: {node: '>=6.0.0'}

  esbuild@0.27.7:
    resolution: {integrity: sha512-IxpibTjyVnmrIQo5aqNpCgoACA/dTKLTlhMHihVHhdkxKyPO1uBBthumT0rdHmcsk9uMonIWS0m4FljWzILh3w==}
    engines: {node: '>=18'}
    hasBin: true

  fsevents@2.3.3:
    resolution: {integrity: sha512-5xoDfX+fL7faATnagmWPpbFtwh/R77WmMMqqHGS65C3vvB0YHrgF+B1YmZ3441tMj5n63k0212XNoJwzlhffQw==}
    engines: {node: ^8.16.0 || ^10.6.0 || >=11.0.0}
    os: [darwin]

  get-tsconfig@4.14.0:
    resolution: {integrity: sha512-yTb+8DXzDREzgvYmh6s9vHsSVCHeC0G3PI5bEXNBHtmshPnO+S5O7qgLEOn0I5QvMy6kpZN8K1NKGyilLb93wA==}

  oxlint@0.13.2:
    resolution: {integrity: sha512-R7wXUspM75TeEXaAFLmuPH0W3h5B5r6BNtOvkcnVddD3BWbBiEOWe9bCqt4+te0l8wQ4a0/XLCGrJroxFFeajg==}
    engines: {node: '>=14.*'}
    hasBin: true

  pkijs@3.4.0:
    resolution: {integrity: sha512-emEcLuomt2j03vxD54giVB4SxTjnsqkU692xZOZXHDVoYyypEm+b3jpiTcc+Cf+myooc+/Ly0z01jqeNHVgJGw==}
    engines: {node: '>=16.0.0'}

  pvtsutils@1.3.6:
    resolution: {integrity: sha512-PLgQXQ6H2FWCaeRak8vvk1GW462lMxB5s3Jm673N82zI4vqtVUPuZdffdZbPDFRoU8kAhItWFtPCWiPpp4/EDg==}

  pvutils@1.1.5:
    resolution: {integrity: sha512-KTqnxsgGiQ6ZAzZCVlJH5eOjSnvlyEgx1m8bkRJfOhmGRqfo5KLvmAlACQkrjEtOQ4B7wF9TdSLIs9O90MX9xA==}
    engines: {node: '>=16.0.0'}

  resolve-pkg-maps@1.0.0:
    resolution: {integrity: sha512-seS2Tj26TBVOC2NIc2rOe2y2ZO7efxITtLZcGSOnHHNOQ7CkiUBfw0Iw2ck6xkIhPwLhKNLS8BO+hEpngQlqzw==}

  tslib@1.14.1:
    resolution: {integrity: sha512-Xni35NKzjgMrwevysHTCArtLDpPvye8zV/0E4EyYn43P7/7qvQwPh9BGkHewbMulVntbigmcT7rdX3BNo9wRJg==}

  tslib@2.8.1:
    resolution: {integrity: sha512-oJFu94HQb+KVduSUQL7wnpmqnfmLsOA/nAh6b6EH0wCEoK0/mPeXU6c3wKDV83MkOuHPRHtSXKKU99IBazS/2w==}

  tsx@4.21.0:
    resolution: {integrity: sha512-5C1sg4USs1lfG0GFb2RLXsdpXqBSEhAaA/0kPL01wxzpMqLILNxIxIOKiILz+cdg/pLnOUxFYOR5yhHU666wbw==}
    engines: {node: '>=18.0.0'}
    hasBin: true

  tsyringe@4.10.0:
    resolution: {integrity: sha512-axr3IdNuVIxnaK5XGEUFTu3YmAQ6lllgrvqfEoR16g/HGnYY/6We4oWENtAnzK6/LpJ2ur9PAb80RBt7/U4ugw==}
    engines: {node: '>= 6.0.0'}

  undici-types@6.21.0:
    resolution: {integrity: sha512-iwDZqg0QAGrg9Rav5H4n0M64c3mkR59cJ6wQp+7C4nI0gsmExaedaYLNO44eT4AtBBwjbTiGPMlt2Md0T9H9JQ==}

  webcrypto-core@1.8.1:
    resolution: {integrity: sha512-P+x1MvlNCXlKbLSOY4cYrdreqPG5hbzkmawbcXLKN/mf6DZW0SdNNkZ+sjwsqVkI4A4Ko2sPZmkZtCKY58w83A==}

  xadesjs@2.6.7:
    resolution: {integrity: sha512-UkTuXtDcpcPj15kpC3jV2/2mfCYCDVWerErhwXFii7zkEFYDKtCd/FQDOuG6j282gYgWqnUXKHnoKDkRPN2cTw==}
    engines: {node: '>=16.0.0'}

  xml-core@1.2.5:
    resolution: {integrity: sha512-fr5nZwVzTZAp+/EqXDD7VOn82OOwgICMNh3mA2TGscxVyiAc8FhoQrCsMLgjEI43fioy17Zx+QLlNz6lqJjl9Q==}
    engines: {node: '>=16.0.0'}
    peerDependencies:
      '@xmldom/xmldom': ^0.8.10
      xpath: ^0.0.34

  xmldsigjs@2.8.7:
    resolution: {integrity: sha512-Ia9g1zEBnmfgTLdxcCFCU0PxG68ADdKDGh9CdjFd6KhB5bmKInDkecBfzxGZUjkRN3Gwk08cI/cvBfwreiqMtg==}
    engines: {node: '>=16.0.0'}

  xpath@0.0.34:
    resolution: {integrity: sha512-FxF6+rkr1rNSQrhUNYrAFJpRXNzlDoMxeXN5qI84939ylEv3qqPFKa85Oxr6tDaJKqwW6KKyo2v26TSv3k6LeA==}
    engines: {node: '>=0.6.0'}

snapshots:

  '@esbuild/aix-ppc64@0.27.7':
    optional: true

  '@esbuild/android-arm64@0.27.7':
    optional: true

  '@esbuild/android-arm@0.27.7':
    optional: true

  '@esbuild/android-x64@0.27.7':
    optional: true

  '@esbuild/darwin-arm64@0.27.7':
    optional: true

  '@esbuild/darwin-x64@0.27.7':
    optional: true

  '@esbuild/freebsd-arm64@0.27.7':
    optional: true

  '@esbuild/freebsd-x64@0.27.7':
    optional: true

  '@esbuild/linux-arm64@0.27.7':
    optional: true

  '@esbuild/linux-arm@0.27.7':
    optional: true

  '@esbuild/linux-ia32@0.27.7':
    optional: true

  '@esbuild/linux-loong64@0.27.7':
    optional: true

  '@esbuild/linux-mips64el@0.27.7':
    optional: true

  '@esbuild/linux-ppc64@0.27.7':
    optional: true

  '@esbuild/linux-riscv64@0.27.7':
    optional: true

  '@esbuild/linux-s390x@0.27.7':
    optional: true

  '@esbuild/linux-x64@0.27.7':
    optional: true

  '@esbuild/netbsd-arm64@0.27.7':
    optional: true

  '@esbuild/netbsd-x64@0.27.7':
    optional: true

  '@esbuild/openbsd-arm64@0.27.7':
    optional: true

  '@esbuild/openbsd-x64@0.27.7':
    optional: true

  '@esbuild/openharmony-arm64@0.27.7':
    optional: true

  '@esbuild/sunos-x64@0.27.7':
    optional: true

  '@esbuild/win32-arm64@0.27.7':
    optional: true

  '@esbuild/win32-ia32@0.27.7':
    optional: true

  '@esbuild/win32-x64@0.27.7':
    optional: true

  '@noble/hashes@1.4.0': {}

  '@oxlint/darwin-arm64@0.13.2':
    optional: true

  '@oxlint/darwin-x64@0.13.2':
    optional: true

  '@oxlint/linux-arm64-gnu@0.13.2':
    optional: true

  '@oxlint/linux-arm64-musl@0.13.2':
    optional: true

  '@oxlint/linux-x64-gnu@0.13.2':
    optional: true

  '@oxlint/linux-x64-musl@0.13.2':
    optional: true

  '@oxlint/win32-arm64@0.13.2':
    optional: true

  '@oxlint/win32-x64@0.13.2':
    optional: true

  '@peculiar/asn1-cms@2.6.1':
    dependencies:
      '@peculiar/asn1-schema': 2.6.0
      '@peculiar/asn1-x509': 2.6.1
      '@peculiar/asn1-x509-attr': 2.6.1
      asn1js: 3.0.9
      tslib: 2.8.1

  '@peculiar/asn1-csr@2.6.1':
    dependencies:
      '@peculiar/asn1-schema': 2.6.0
      '@peculiar/asn1-x509': 2.6.1
      asn1js: 3.0.9
      tslib: 2.8.1

  '@peculiar/asn1-ecc@2.6.1':
    dependencies:
      '@peculiar/asn1-schema': 2.6.0
      '@peculiar/asn1-x509': 2.6.1
      asn1js: 3.0.9
      tslib: 2.8.1

  '@peculiar/asn1-pfx@2.6.1':
    dependencies:
      '@peculiar/asn1-cms': 2.6.1
      '@peculiar/asn1-pkcs8': 2.6.1
      '@peculiar/asn1-rsa': 2.6.1
      '@peculiar/asn1-schema': 2.6.0
      asn1js: 3.0.9
      tslib: 2.8.1

  '@peculiar/asn1-pkcs8@2.6.1':
    dependencies:
      '@peculiar/asn1-schema': 2.6.0
      '@peculiar/asn1-x509': 2.6.1
      asn1js: 3.0.9
      tslib: 2.8.1

  '@peculiar/asn1-pkcs9@2.6.1':
    dependencies:
      '@peculiar/asn1-cms': 2.6.1
      '@peculiar/asn1-pfx': 2.6.1
      '@peculiar/asn1-pkcs8': 2.6.1
      '@peculiar/asn1-schema': 2.6.0
      '@peculiar/asn1-x509': 2.6.1
      '@peculiar/asn1-x509-attr': 2.6.1
      asn1js: 3.0.9
      tslib: 2.8.1

  '@peculiar/asn1-rsa@2.6.1':
    dependencies:
      '@peculiar/asn1-schema': 2.6.0
      '@peculiar/asn1-x509': 2.6.1
      asn1js: 3.0.9
      tslib: 2.8.1

  '@peculiar/asn1-schema@2.6.0':
    dependencies:
      asn1js: 3.0.9
      pvtsutils: 1.3.6
      tslib: 2.8.1

  '@peculiar/asn1-x509-attr@2.6.1':
    dependencies:
      '@peculiar/asn1-schema': 2.6.0
      '@peculiar/asn1-x509': 2.6.1
      asn1js: 3.0.9
      tslib: 2.8.1

  '@peculiar/asn1-x509@2.6.1':
    dependencies:
      '@peculiar/asn1-schema': 2.6.0
      asn1js: 3.0.9
      pvtsutils: 1.3.6
      tslib: 2.8.1

  '@peculiar/json-schema@1.1.12':
    dependencies:
      tslib: 2.8.1

  '@peculiar/webcrypto@1.5.0':
    dependencies:
      '@peculiar/asn1-schema': 2.6.0
      '@peculiar/json-schema': 1.1.12
      pvtsutils: 1.3.6
      tslib: 2.8.1
      webcrypto-core: 1.8.1

  '@peculiar/x509@2.0.0':
    dependencies:
      '@peculiar/asn1-cms': 2.6.1
      '@peculiar/asn1-csr': 2.6.1
      '@peculiar/asn1-ecc': 2.6.1
      '@peculiar/asn1-pkcs9': 2.6.1
      '@peculiar/asn1-rsa': 2.6.1
      '@peculiar/asn1-schema': 2.6.0
      '@peculiar/asn1-x509': 2.6.1
      pvtsutils: 1.3.6
      tslib: 2.8.1
      tsyringe: 4.10.0

  '@types/node@22.19.17':
    dependencies:
      undici-types: 6.21.0

  '@typescript/native-preview-darwin-arm64@7.0.0-dev.20260420.1':
    optional: true

  '@typescript/native-preview-darwin-x64@7.0.0-dev.20260420.1':
    optional: true

  '@typescript/native-preview-linux-arm64@7.0.0-dev.20260420.1':
    optional: true

  '@typescript/native-preview-linux-arm@7.0.0-dev.20260420.1':
    optional: true

  '@typescript/native-preview-linux-x64@7.0.0-dev.20260420.1':
    optional: true

  '@typescript/native-preview-win32-arm64@7.0.0-dev.20260420.1':
    optional: true

  '@typescript/native-preview-win32-x64@7.0.0-dev.20260420.1':
    optional: true

  '@typescript/native-preview@7.0.0-dev.20260420.1':
    optionalDependencies:
      '@typescript/native-preview-darwin-arm64': 7.0.0-dev.20260420.1
      '@typescript/native-preview-darwin-x64': 7.0.0-dev.20260420.1
      '@typescript/native-preview-linux-arm': 7.0.0-dev.20260420.1
      '@typescript/native-preview-linux-arm64': 7.0.0-dev.20260420.1
      '@typescript/native-preview-linux-x64': 7.0.0-dev.20260420.1
      '@typescript/native-preview-win32-arm64': 7.0.0-dev.20260420.1
      '@typescript/native-preview-win32-x64': 7.0.0-dev.20260420.1

  '@xmldom/xmldom@0.9.10': {}

  asn1js@3.0.9:
    dependencies:
      pvtsutils: 1.3.6
      pvutils: 1.1.5
      tslib: 2.8.1

  bytestreamjs@2.0.1: {}

  esbuild@0.27.7:
    optionalDependencies:
      '@esbuild/aix-ppc64': 0.27.7
      '@esbuild/android-arm': 0.27.7
      '@esbuild/android-arm64': 0.27.7
      '@esbuild/android-x64': 0.27.7
      '@esbuild/darwin-arm64': 0.27.7
      '@esbuild/darwin-x64': 0.27.7
      '@esbuild/freebsd-arm64': 0.27.7
      '@esbuild/freebsd-x64': 0.27.7
      '@esbuild/linux-arm': 0.27.7
      '@esbuild/linux-arm64': 0.27.7
      '@esbuild/linux-ia32': 0.27.7
      '@esbuild/linux-loong64': 0.27.7
      '@esbuild/linux-mips64el': 0.27.7
      '@esbuild/linux-ppc64': 0.27.7
      '@esbuild/linux-riscv64': 0.27.7
      '@esbuild/linux-s390x': 0.27.7
      '@esbuild/linux-x64': 0.27.7
      '@esbuild/netbsd-arm64': 0.27.7
      '@esbuild/netbsd-x64': 0.27.7
      '@esbuild/openbsd-arm64': 0.27.7
      '@esbuild/openbsd-x64': 0.27.7
      '@esbuild/openharmony-arm64': 0.27.7
      '@esbuild/sunos-x64': 0.27.7
      '@esbuild/win32-arm64': 0.27.7
      '@esbuild/win32-ia32': 0.27.7
      '@esbuild/win32-x64': 0.27.7

  fsevents@2.3.3:
    optional: true

  get-tsconfig@4.14.0:
    dependencies:
      resolve-pkg-maps: 1.0.0

  oxlint@0.13.2:
    optionalDependencies:
      '@oxlint/darwin-arm64': 0.13.2
      '@oxlint/darwin-x64': 0.13.2
      '@oxlint/linux-arm64-gnu': 0.13.2
      '@oxlint/linux-arm64-musl': 0.13.2
      '@oxlint/linux-x64-gnu': 0.13.2
      '@oxlint/linux-x64-musl': 0.13.2
      '@oxlint/win32-arm64': 0.13.2
      '@oxlint/win32-x64': 0.13.2

  pkijs@3.4.0:
    dependencies:
      '@noble/hashes': 1.4.0
      asn1js: 3.0.9
      bytestreamjs: 2.0.1
      pvtsutils: 1.3.6
      pvutils: 1.1.5
      tslib: 2.8.1

  pvtsutils@1.3.6:
    dependencies:
      tslib: 2.8.1

  pvutils@1.1.5: {}

  resolve-pkg-maps@1.0.0: {}

  tslib@1.14.1: {}

  tslib@2.8.1: {}

  tsx@4.21.0:
    dependencies:
      esbuild: 0.27.7
      get-tsconfig: 4.14.0
    optionalDependencies:
      fsevents: 2.3.3

  tsyringe@4.10.0:
    dependencies:
      tslib: 1.14.1

  undici-types@6.21.0: {}

  webcrypto-core@1.8.1:
    dependencies:
      '@peculiar/asn1-schema': 2.6.0
      '@peculiar/json-schema': 1.1.12
      asn1js: 3.0.9
      pvtsutils: 1.3.6
      tslib: 2.8.1

  xadesjs@2.6.7(@xmldom/xmldom@0.9.10)(xpath@0.0.34):
    dependencies:
      xml-core: 1.2.5(@xmldom/xmldom@0.9.10)(xpath@0.0.34)
      xmldsigjs: 2.8.7(@xmldom/xmldom@0.9.10)
    transitivePeerDependencies:
      - '@xmldom/xmldom'
      - xpath

  xml-core@1.2.5(@xmldom/xmldom@0.9.10)(xpath@0.0.34):
    dependencies:
      '@xmldom/xmldom': 0.9.10
      tslib: 2.8.1
      xpath: 0.0.34

  xmldsigjs@2.8.7(@xmldom/xmldom@0.9.10):
    dependencies:
      asn1js: 3.0.9
      pkijs: 3.4.0
      pvtsutils: 1.3.6
      pvutils: 1.1.5
      tslib: 2.8.1
      xml-core: 1.2.5(@xmldom/xmldom@0.9.10)(xpath@0.0.34)
      xpath: 0.0.34
    transitivePeerDependencies:
      - '@xmldom/xmldom'

  xpath@0.0.34: {}
